
Microsoft Visual Studio Solution File, Format Version 12.00
# Visual Studio Version 16
VisualStudioVersion = 16.0.32929.386
MinimumVisualStudioVersion = 10.0.40219.1
Project("{FAE04EC0-301F-11D3-BF4B-00C04F79EFBC}") = "LibraryApp", "LibraryApp\LibraryApp.csproj", "{0187F7DC-800B-4BF8-BD6F-98735F5182A7}"
EndProject
Project("{FAE04EC0-301F-11D3-BF4B-00C04F79EFBC}") = "LibraryApp.Library", "LibraryApp.Library\LibraryApp.Library.csproj", "{698BBA0D-28CC-426A-8727-5C4B7B3E089E}"
EndProject
Global
	GlobalSection(SolutionConfigurationPlatforms) = preSolution
		Debug|Any CPU = Debug|Any CPU
		Release|Any CPU = Release|Any CPU
	EndGlobalSection
	GlobalSection(ProjectConfigurationPlatforms) = postSolution
		{0187F7DC-800B-4BF8-BD6F-98735F5182A7}.Debug|Any CPU.ActiveCfg = Debug|Any CPU
		{0187F7DC-800B-4BF8-BD6F-98735F5182A7}.Debug|Any CPU.Build.0 = Debug|Any CPU
		{0187F7DC-800B-4BF8-BD6F-98735F5182A7}.Release|Any CPU.ActiveCfg = Release|Any CPU
		{0187F7DC-800B-4BF8-BD6F-98735F5182A7}.Release|Any CPU.Build.0 = Release|Any CPU
		{698BBA0D-28CC-426A-8727-5C4B7B3E089E}.Debug|Any CPU.ActiveCfg = Debug|Any CPU
		{698BBA0D-28CC-426A-8727-5C4B7B3E089E}.Debug|Any CPU.Build.0 = Debug|Any CPU
		{698BBA0D-28CC-426A-8727-5C4B7B3E089E}.Release|Any CPU.ActiveCfg = Release|Any CPU
		{698BBA0D-28CC-426A-8727-5C4B7B3E089E}.Release|Any CPU.Build.0 = Release|Any CPU
	EndGlobalSection
	GlobalSection(SolutionProperties) = preSolution
		HideSolutionNode = FALSE
	EndGlobalSection
	GlobalSection(ExtensibilityGlobals) = postSolution
		SolutionGuid = {F764BAAC-6D7B-4F86-80BB-1B74738CEED6}
	EndGlobalSection
EndGlobal
